
Microsoft Visual Studio Solution File, Format Version 12.00
# Visual Studio Version 16
VisualStudioVersion = 16.0.30621.155
MinimumVisualStudioVersion = 10.0.40219.1
Project("{FAE04EC0-301F-11D3-BF4B-00C04F79EFBC}") = "lab2", "lab2\lab2.csproj", "{91F7C404-FF46-4137-B63F-EAE1381C11FA}"
EndProject
Project("{FAE04EC0-301F-11D3-BF4B-00C04F79EFBC}") = "lab4", "lab4\lab4.csproj", "{2F9169E2-7FD0-446A-9409-B8977DAEC3A8}"
EndProject
Global
	GlobalSection(SolutionConfigurationPlatforms) = preSolution
		Debug|Any CPU = Debug|Any CPU
		Release|Any CPU = Release|Any CPU
	EndGlobalSection
	GlobalSection(ProjectConfigurationPlatforms) = postSolution
		{91F7C404-FF46-4137-B63F-EAE1381C11FA}.Debug|Any CPU.ActiveCfg = Debug|Any CPU
		{91F7C404-FF46-4137-B63F-EAE1381C11FA}.Debug|Any CPU.Build.0 = Debug|Any CPU
		{91F7C404-FF46-4137-B63F-EAE1381C11FA}.Release|Any CPU.ActiveCfg = Release|Any CPU
		{91F7C404-FF46-4137-B63F-EAE1381C11FA}.Release|Any CPU.Build.0 = Release|Any CPU
		{2F9169E2-7FD0-446A-9409-B8977DAEC3A8}.Debug|Any CPU.ActiveCfg = Debug|Any CPU
		{2F9169E2-7FD0-446A-9409-B8977DAEC3A8}.Debug|Any CPU.Build.0 = Debug|Any CPU
		{2F9169E2-7FD0-446A-9409-B8977DAEC3A8}.Release|Any CPU.ActiveCfg = Release|Any CPU
		{2F9169E2-7FD0-446A-9409-B8977DAEC3A8}.Release|Any CPU.Build.0 = Release|Any CPU
	EndGlobalSection
	GlobalSection(SolutionProperties) = preSolution
		HideSolutionNode = FALSE
	EndGlobalSection
	GlobalSection(ExtensibilityGlobals) = postSolution
		SolutionGuid = {58B54701-5C9D-44BC-B5C5-3518E41E7805}
	EndGlobalSection
EndGlobal
